{
  "name": "@calculogic/validator",
  "version": "0.1.0",
  "lockfileVersion": 3,
  "requires": true,
  "packages": {
    "": {
      "name": "@calculogic/validator",
      "version": "0.1.0",
      "license": "MIT",
      "bin": {
        "calculogic-validate": "bin/calculogic-validate.host.mjs",
        "calculogic-validate-naming": "bin/calculogic-validate-naming.host.mjs",
        "calculogic-validate-tree": "bin/calculogic-validate-tree.host.mjs",
        "calculogic-validator-health": "bin/calculogic-validator-health.host.mjs",
        "calculogic-validator-report-summarize": "bin/calculogic-validator-report-summarize.host.mjs"
      },
      "devDependencies": {
        "@calculogic/report-capture": "git+https://github.com/HCAToolkit/calculogic-report-capture.git#624f1a3c325ae7d3f6c576829ee9ee672194c0e1"
      },
      "engines": {
        "node": ">=22.6.0"
      }
    },
    "node_modules/@calculogic/report-capture": {
      "version": "0.0.0",
      "resolved": "git+ssh://git@github.com/HCAToolkit/calculogic-report-capture.git#624f1a3c325ae7d3f6c576829ee9ee672194c0e1",
      "integrity": "sha512-7YrIaqkzUhBx5xHTQiq/YZTdH7MzermLcX+xW4QjGnt5Y744xcEigJNFx2b50UEYuISRl5gT/EOiFZMhR6jyMA==",
      "dev": true,
      "license": "MIT",
      "bin": {
        "calculogic-report-capture": "src/report-capture.host.mjs"
      },
      "engines": {
        "node": ">=22"
      }
    }
  }
}
