{
  "name": "@calculogic/validator",
  "version": "0.1.0",
  "lockfileVersion": 3,
  "requires": true,
  "packages": {
    "": {
      "name": "@calculogic/validator",
      "version": "0.1.0",
      "license": "MIT",
      "bin": {
        "calculogic-validate": "bin/calculogic-validate.host.mjs",
        "calculogic-validate-naming": "bin/calculogic-validate-naming.host.mjs",
        "calculogic-validator-health": "bin/calculogic-validator-health.host.mjs"
      },
      "engines": {
        "node": ">=18"
      }
    }
  }
}
